<Solution>
  <Folder Name="/src/" />
  <Folder Name="/src/AspireHost/">
    <Project Path="src/AspireHost/AspireHost.AppHost/AspireHost.AppHost.csproj" />
    <Project Path="src/AspireHost/AspireHost.ServiceDefaults/AspireHost.ServiceDefaults.csproj" />
  </Folder>
  <Folder Name="/src/BuildingBlocks/">
    <Project Path="src/BuildingBlocks/BuildingBlocks.Cache/BuildingBlocks.Cache.csproj" />
    <Project Path="src/BuildingBlocks/BuildingBlocks.Communication/BuildingBlocks.Communication.csproj" />
    <Project Path="src/BuildingBlocks/BuildingBlocks.Core/BuildingBlocks.Core.csproj" />
    <Project Path="src/BuildingBlocks/BuildingBlocks.Data/BuildingBlocks.Data.csproj" />
    <Project Path="src/BuildingBlocks/BuildingBlocks.Logging/BuildingBlocks.Logging.csproj" />
    <Project Path="src/BuildingBlocks/BuildingBlocks.Messaging/BuildingBlocks.Messaging.csproj" />
    <Project Path="src/BuildingBlocks/BuildingBlocks.MultiTenant/BuildingBlocks.MultiTenant.csproj" />
    <Project Path="src/BuildingBlocks/BuildingBlocks.Security/BuildingBlocks.Security.csproj" />
  </Folder>
  <Folder Name="/src/gateways/">
    <Project Path="src/gateways/ApiGateway/ApiGateway.csproj" />
  </Folder>
  <Folder Name="/src/services/">
    <Project Path="src/services/cart-service/CartService.csproj" />
    <Project Path="src/services/email-service/EmailService.csproj" />
    <Project Path="src/services/identity-service/IdentityService.csproj" />
    <Project Path="src/services/logging-service/LoggingService.csproj" />
    <Project Path="src/services/merchant-service/MerchantService.csproj" />
    <Project Path="src/services/messaging-service/MessagingService.csproj" />
    <Project Path="src/services/order-service/OrderService.csproj" />
    <Project Path="src/services/pay-service/PayService.csproj" />
    <Project Path="src/services/product-service/ProductService.csproj" />
    <Project Path="src/services/promotion-service/PromotionService.csproj" />
    <Project Path="src/services/search-service/SearchService.csproj" />
    <Project Path="src/services/stock-service/StockService.csproj" />
  </Folder>
</Solution>
